
Microsoft Visual Studio Solution File, Format Version 12.00
# Visual Studio Version 17
VisualStudioVersion = 17.14.36327.8 d17.14
MinimumVisualStudioVersion = 10.0.40219.1
Project("{FAE04EC0-301F-11D3-BF4B-00C04F79EFBC}") = "GymManagementPL", "GymManagementPL\GymManagementPL.csproj", "{56633666-F022-4FB3-8E7F-BC09BE063121}"
EndProject
Project("{FAE04EC0-301F-11D3-BF4B-00C04F79EFBC}") = "GymManagementBLL", "GymManagementBLL\GymManagementBLL.csproj", "{49F70402-3BF8-46FB-9725-B99F3AB94BEC}"
EndProject
Project("{FAE04EC0-301F-11D3-BF4B-00C04F79EFBC}") = "GymManagementDAL", "GymManagementDAL\GymManagementDAL.csproj", "{0D8BC82B-23BE-48AF-A637-5A6E2FA2794A}"
EndProject
Global
	GlobalSection(SolutionConfigurationPlatforms) = preSolution
		Debug|Any CPU = Debug|Any CPU
		Release|Any CPU = Release|Any CPU
	EndGlobalSection
	GlobalSection(ProjectConfigurationPlatforms) = postSolution
		{56633666-F022-4FB3-8E7F-BC09BE063121}.Debug|Any CPU.ActiveCfg = Debug|Any CPU
		{56633666-F022-4FB3-8E7F-BC09BE063121}.Debug|Any CPU.Build.0 = Debug|Any CPU
		{56633666-F022-4FB3-8E7F-BC09BE063121}.Release|Any CPU.ActiveCfg = Release|Any CPU
		{56633666-F022-4FB3-8E7F-BC09BE063121}.Release|Any CPU.Build.0 = Release|Any CPU
		{49F70402-3BF8-46FB-9725-B99F3AB94BEC}.Debug|Any CPU.ActiveCfg = Debug|Any CPU
		{49F70402-3BF8-46FB-9725-B99F3AB94BEC}.Debug|Any CPU.Build.0 = Debug|Any CPU
		{49F70402-3BF8-46FB-9725-B99F3AB94BEC}.Release|Any CPU.ActiveCfg = Release|Any CPU
		{49F70402-3BF8-46FB-9725-B99F3AB94BEC}.Release|Any CPU.Build.0 = Release|Any CPU
		{0D8BC82B-23BE-48AF-A637-5A6E2FA2794A}.Debug|Any CPU.ActiveCfg = Debug|Any CPU
		{0D8BC82B-23BE-48AF-A637-5A6E2FA2794A}.Debug|Any CPU.Build.0 = Debug|Any CPU
		{0D8BC82B-23BE-48AF-A637-5A6E2FA2794A}.Release|Any CPU.ActiveCfg = Release|Any CPU
		{0D8BC82B-23BE-48AF-A637-5A6E2FA2794A}.Release|Any CPU.Build.0 = Release|Any CPU
	EndGlobalSection
	GlobalSection(SolutionProperties) = preSolution
		HideSolutionNode = FALSE
	EndGlobalSection
	GlobalSection(ExtensibilityGlobals) = postSolution
		SolutionGuid = {5F0F1F5C-3237-487A-A2C8-339E040C67FE}
	EndGlobalSection
EndGlobal
